{
    "_meta": {
        "hash": {
            "sha256": "ba461270a2795795e8245a634fd1d3a574ddc9dcabd423a262efeae95e21b636"
        },
        "pipfile-spec": 6,
        "requires": {
            "python_version": "3.6"
        },
        "sources": [
            {
                "name": "pypi",
                "url": "https://pypi.org/simple",
                "verify_ssl": true
            }
        ]
    },
    "default": {
        "argcomplete": {
            "hashes": [
                "sha256:06c8a54ffaa6bfc9006314498742ec8843601206a3b94212f82657673662ecf1",
                "sha256:2adef33864dabb77a3316f054c95227437e6448ea0aeb0e1ec1cd69aebcb29d6"
            ],
            "index": "pypi",
            "version": "==1.9.4"
        },
        "pytz": {
            "hashes": [
                "sha256:a061aa0a9e06881eb8b3b2b43f05b9439d6583c206d0a6c340ff72a7b6669053",
                "sha256:ffb9ef1de172603304d9d2819af6f5ece76f2e85ec10692a524dd876e72bf277"
            ],
            "index": "pypi",
            "version": "==2018.5"
        },
        "tzlocal": {
            "hashes": [
                "sha256:4ebeb848845ac898da6519b9b31879cf13b6626f7184c496037b818e238f2c4e"
            ],
            "index": "pypi",
            "version": "==1.5.1"
        }
    },
    "develop": {
        "wheel": {
            "hashes": [
                "sha256:9fa1f772f1a2df2bd00ddb4fa57e1cc349301e1facb98fbe62329803a9ff1196",
                "sha256:d215f4520a1ba1851a3c00ba2b4122665cd3d6b0834d2ba2816198b1e3024a0e"
            ],
            "index": "pypi",
            "version": "==0.32.1"
        },
        "yapf": {
            "hashes": [
                "sha256:b96815bd0bbd2ab290f2ae9e610756940b17a0523ef2f6b2d31da749fc395137",
                "sha256:cebb6faf35c9027c08996c07831b8971f3d67c0eb615269f66dfd7e6815fdc2a"
            ],
            "index": "pypi",
            "version": "==0.24.0"
        }
    }
}
